
Microsoft Visual Studio Solution File, Format Version 12.00
# Visual Studio Version 17
VisualStudioVersion = 17.3.32804.467
MinimumVisualStudioVersion = 10.0.40219.1
Project("{FAE04EC0-301F-11D3-BF4B-00C04F79EFBC}") = "MovieCatalog.API", "MovieCatalog.API\MovieCatalog.API.csproj", "{C2A513EA-6205-4281-AC3E-CB3EC5306A62}"
EndProject
Global
	GlobalSection(SolutionConfigurationPlatforms) = preSolution
		Debug|Any CPU = Debug|Any CPU
		Release|Any CPU = Release|Any CPU
	EndGlobalSection
	GlobalSection(ProjectConfigurationPlatforms) = postSolution
		{C2A513EA-6205-4281-AC3E-CB3EC5306A62}.Debug|Any CPU.ActiveCfg = Debug|Any CPU
		{C2A513EA-6205-4281-AC3E-CB3EC5306A62}.Debug|Any CPU.Build.0 = Debug|Any CPU
		{C2A513EA-6205-4281-AC3E-CB3EC5306A62}.Release|Any CPU.ActiveCfg = Release|Any CPU
		{C2A513EA-6205-4281-AC3E-CB3EC5306A62}.Release|Any CPU.Build.0 = Release|Any CPU
	EndGlobalSection
	GlobalSection(SolutionProperties) = preSolution
		HideSolutionNode = FALSE
	EndGlobalSection
	GlobalSection(ExtensibilityGlobals) = postSolution
		SolutionGuid = {D9E45BC8-B624-4757-9729-7D077F15C94A}
	EndGlobalSection
EndGlobal
